
Microsoft Visual Studio Solution File, Format Version 12.00
# Visual Studio 15
VisualStudioVersion = 15.0.27004.2010
MinimumVisualStudioVersion = 10.0.40219.1
Project("{FAE04EC0-301F-11D3-BF4B-00C04F79EFBC}") = "WebApplication1", "WebApplication1\WebApplication1.csproj", "{23201A6A-7034-456D-BB11-AD54C2AFB2F6}"
EndProject
Project("{FAE04EC0-301F-11D3-BF4B-00C04F79EFBC}") = "WebApplication1.Tests", "WebApplication1.Tests\WebApplication1.Tests.csproj", "{FFB2737D-F703-4BB0-9279-DF5173256263}"
EndProject
Global
	GlobalSection(SolutionConfigurationPlatforms) = preSolution
		Debug|Any CPU = Debug|Any CPU
		Release|Any CPU = Release|Any CPU
	EndGlobalSection
	GlobalSection(ProjectConfigurationPlatforms) = postSolution
		{23201A6A-7034-456D-BB11-AD54C2AFB2F6}.Debug|Any CPU.ActiveCfg = Debug|Any CPU
		{23201A6A-7034-456D-BB11-AD54C2AFB2F6}.Debug|Any CPU.Build.0 = Debug|Any CPU
		{23201A6A-7034-456D-BB11-AD54C2AFB2F6}.Release|Any CPU.ActiveCfg = Release|Any CPU
		{23201A6A-7034-456D-BB11-AD54C2AFB2F6}.Release|Any CPU.Build.0 = Release|Any CPU
		{FFB2737D-F703-4BB0-9279-DF5173256263}.Debug|Any CPU.ActiveCfg = Debug|Any CPU
		{FFB2737D-F703-4BB0-9279-DF5173256263}.Debug|Any CPU.Build.0 = Debug|Any CPU
		{FFB2737D-F703-4BB0-9279-DF5173256263}.Release|Any CPU.ActiveCfg = Release|Any CPU
		{FFB2737D-F703-4BB0-9279-DF5173256263}.Release|Any CPU.Build.0 = Release|Any CPU
	EndGlobalSection
	GlobalSection(SolutionProperties) = preSolution
		HideSolutionNode = FALSE
	EndGlobalSection
	GlobalSection(ExtensibilityGlobals) = postSolution
		SolutionGuid = {C18BEE16-7142-4BBC-9411-2C935EFE60DE}
	EndGlobalSection
EndGlobal
